
Microsoft Visual Studio Solution File, Format Version 12.00
# Visual Studio Version 16
VisualStudioVersion = 16.0.29215.179
MinimumVisualStudioVersion = 10.0.40219.1
Project("{FAE04EC0-301F-11D3-BF4B-00C04F79EFBC}") = "mswanson1730ex1b", "mswanson1730ex1b\mswanson1730ex1b.csproj", "{8C09A60F-587C-4937-87F0-166983DF558D}"
EndProject
Project("{FAE04EC0-301F-11D3-BF4B-00C04F79EFBC}") = "mswanson1c1", "mswanson1c1\mswanson1c1.csproj", "{5162FE45-2E41-4E87-867D-8D59D9190610}"
EndProject
Project("{FAE04EC0-301F-11D3-BF4B-00C04F79EFBC}") = "mswanson1d1", "mswanson1d1\mswanson1d1.csproj", "{6D677AEB-91C4-4DB0-85EF-B220A6D97D3C}"
EndProject
Project("{FAE04EC0-301F-11D3-BF4B-00C04F79EFBC}") = "mswanson1e2", "mswanson1e2\mswanson1e2.csproj", "{FFB28D62-6756-43E9-BA91-30623726C51A}"
EndProject
Project("{FAE04EC0-301F-11D3-BF4B-00C04F79EFBC}") = "mswanson1f1", "mswanson1f1\mswanson1f1.csproj", "{8A729850-99E2-489A-9735-76DC9B333D52}"
EndProject
Project("{FAE04EC0-301F-11D3-BF4B-00C04F79EFBC}") = "mswanson1g1", "mswanson1g1\mswanson1g1.csproj", "{F523ED4C-B9AC-4AE6-AF93-43C0B77074B2}"
EndProject
Project("{FAE04EC0-301F-11D3-BF4B-00C04F79EFBC}") = "mswanson2b1", "mswanson2b1\mswanson2b1.csproj", "{CB80DC42-4FD6-4E31-830B-0428D629C857}"
EndProject
Project("{FAE04EC0-301F-11D3-BF4B-00C04F79EFBC}") = "bmarcotte2c1", "bmarcotte2c1\bmarcotte2c1.csproj", "{C1CCF169-5F62-42AA-A19F-113712C21B14}"
EndProject
Global
	GlobalSection(SolutionConfigurationPlatforms) = preSolution
		Debug|Any CPU = Debug|Any CPU
		Release|Any CPU = Release|Any CPU
	EndGlobalSection
	GlobalSection(ProjectConfigurationPlatforms) = postSolution
		{8C09A60F-587C-4937-87F0-166983DF558D}.Debug|Any CPU.ActiveCfg = Debug|Any CPU
		{8C09A60F-587C-4937-87F0-166983DF558D}.Debug|Any CPU.Build.0 = Debug|Any CPU
		{8C09A60F-587C-4937-87F0-166983DF558D}.Release|Any CPU.ActiveCfg = Release|Any CPU
		{8C09A60F-587C-4937-87F0-166983DF558D}.Release|Any CPU.Build.0 = Release|Any CPU
		{5162FE45-2E41-4E87-867D-8D59D9190610}.Debug|Any CPU.ActiveCfg = Debug|Any CPU
		{5162FE45-2E41-4E87-867D-8D59D9190610}.Debug|Any CPU.Build.0 = Debug|Any CPU
		{5162FE45-2E41-4E87-867D-8D59D9190610}.Release|Any CPU.ActiveCfg = Release|Any CPU
		{5162FE45-2E41-4E87-867D-8D59D9190610}.Release|Any CPU.Build.0 = Release|Any CPU
		{6D677AEB-91C4-4DB0-85EF-B220A6D97D3C}.Debug|Any CPU.ActiveCfg = Debug|Any CPU
		{6D677AEB-91C4-4DB0-85EF-B220A6D97D3C}.Debug|Any CPU.Build.0 = Debug|Any CPU
		{6D677AEB-91C4-4DB0-85EF-B220A6D97D3C}.Release|Any CPU.ActiveCfg = Release|Any CPU
		{6D677AEB-91C4-4DB0-85EF-B220A6D97D3C}.Release|Any CPU.Build.0 = Release|Any CPU
		{FFB28D62-6756-43E9-BA91-30623726C51A}.Debug|Any CPU.ActiveCfg = Debug|Any CPU
		{FFB28D62-6756-43E9-BA91-30623726C51A}.Debug|Any CPU.Build.0 = Debug|Any CPU
		{FFB28D62-6756-43E9-BA91-30623726C51A}.Release|Any CPU.ActiveCfg = Release|Any CPU
		{FFB28D62-6756-43E9-BA91-30623726C51A}.Release|Any CPU.Build.0 = Release|Any CPU
		{8A729850-99E2-489A-9735-76DC9B333D52}.Debug|Any CPU.ActiveCfg = Debug|Any CPU
		{8A729850-99E2-489A-9735-76DC9B333D52}.Debug|Any CPU.Build.0 = Debug|Any CPU
		{8A729850-99E2-489A-9735-76DC9B333D52}.Release|Any CPU.ActiveCfg = Release|Any CPU
		{8A729850-99E2-489A-9735-76DC9B333D52}.Release|Any CPU.Build.0 = Release|Any CPU
		{F523ED4C-B9AC-4AE6-AF93-43C0B77074B2}.Debug|Any CPU.ActiveCfg = Debug|Any CPU
		{F523ED4C-B9AC-4AE6-AF93-43C0B77074B2}.Debug|Any CPU.Build.0 = Debug|Any CPU
		{F523ED4C-B9AC-4AE6-AF93-43C0B77074B2}.Release|Any CPU.ActiveCfg = Release|Any CPU
		{F523ED4C-B9AC-4AE6-AF93-43C0B77074B2}.Release|Any CPU.Build.0 = Release|Any CPU
		{CB80DC42-4FD6-4E31-830B-0428D629C857}.Debug|Any CPU.ActiveCfg = Debug|Any CPU
		{CB80DC42-4FD6-4E31-830B-0428D629C857}.Debug|Any CPU.Build.0 = Debug|Any CPU
		{CB80DC42-4FD6-4E31-830B-0428D629C857}.Release|Any CPU.ActiveCfg = Release|Any CPU
		{CB80DC42-4FD6-4E31-830B-0428D629C857}.Release|Any CPU.Build.0 = Release|Any CPU
		{C1CCF169-5F62-42AA-A19F-113712C21B14}.Debug|Any CPU.ActiveCfg = Debug|Any CPU
		{C1CCF169-5F62-42AA-A19F-113712C21B14}.Debug|Any CPU.Build.0 = Debug|Any CPU
		{C1CCF169-5F62-42AA-A19F-113712C21B14}.Release|Any CPU.ActiveCfg = Release|Any CPU
		{C1CCF169-5F62-42AA-A19F-113712C21B14}.Release|Any CPU.Build.0 = Release|Any CPU
	EndGlobalSection
	GlobalSection(SolutionProperties) = preSolution
		HideSolutionNode = FALSE
	EndGlobalSection
	GlobalSection(ExtensibilityGlobals) = postSolution
		SolutionGuid = {5D79019F-462D-4064-A88C-D8C3591764A1}
	EndGlobalSection
EndGlobal
